
Microsoft Visual Studio Solution File, Format Version 12.00
# Visual Studio 15
VisualStudioVersion = 15.0.26730.16
MinimumVisualStudioVersion = 10.0.40219.1
Project("{FAE04EC0-301F-11D3-BF4B-00C04F79EFBC}") = "better-ai-editor", "better-ai-editor\better-ai-editor.csproj", "{4346D52B-43BF-42A1-A320-56CC313D6082}"
EndProject
Global
	GlobalSection(SolutionConfigurationPlatforms) = preSolution
		Debug|Any CPU = Debug|Any CPU
		Release|Any CPU = Release|Any CPU
	EndGlobalSection
	GlobalSection(ProjectConfigurationPlatforms) = postSolution
		{4346D52B-43BF-42A1-A320-56CC313D6082}.Debug|Any CPU.ActiveCfg = Debug|Any CPU
		{4346D52B-43BF-42A1-A320-56CC313D6082}.Debug|Any CPU.Build.0 = Debug|Any CPU
		{4346D52B-43BF-42A1-A320-56CC313D6082}.Release|Any CPU.ActiveCfg = Release|Any CPU
		{4346D52B-43BF-42A1-A320-56CC313D6082}.Release|Any CPU.Build.0 = Release|Any CPU
	EndGlobalSection
	GlobalSection(SolutionProperties) = preSolution
		HideSolutionNode = FALSE
	EndGlobalSection
	GlobalSection(ExtensibilityGlobals) = postSolution
		SolutionGuid = {C11ED792-0E13-40FD-B115-CC9B1D7133B6}
	EndGlobalSection
EndGlobal
